
Microsoft Visual Studio Solution File, Format Version 12.00
# Visual Studio 2012
Project("{FAE04EC0-301F-11D3-BF4B-00C04F79EFBC}") = "SimpleHelpers", "SimpleHelpers\SimpleHelpers.csproj", "{AA0F6CEA-2779-4B7E-807C-56ADA8892B01}"
EndProject
Project("{FAE04EC0-301F-11D3-BF4B-00C04F79EFBC}") = "Tests", "Tests\Tests.csproj", "{301E413A-6429-4EA0-BCD6-9DB7E78282C0}"
EndProject
Project("{2150E333-8FDC-42A3-9474-1A3956D46DE8}") = "NugetProjects", "NugetProjects", "{8690EBAA-311D-4178-A0A8-CBBDB8E41CCD}"
EndProject
Global
	GlobalSection(SolutionConfigurationPlatforms) = preSolution
		Debug|Any CPU = Debug|Any CPU
		Release|Any CPU = Release|Any CPU
	EndGlobalSection
	GlobalSection(ProjectConfigurationPlatforms) = postSolution
		{AA0F6CEA-2779-4B7E-807C-56ADA8892B01}.Debug|Any CPU.ActiveCfg = Debug|Any CPU
		{AA0F6CEA-2779-4B7E-807C-56ADA8892B01}.Debug|Any CPU.Build.0 = Debug|Any CPU
		{AA0F6CEA-2779-4B7E-807C-56ADA8892B01}.Release|Any CPU.ActiveCfg = Release|Any CPU
		{AA0F6CEA-2779-4B7E-807C-56ADA8892B01}.Release|Any CPU.Build.0 = Release|Any CPU
		{301E413A-6429-4EA0-BCD6-9DB7E78282C0}.Debug|Any CPU.ActiveCfg = Debug|Any CPU
		{301E413A-6429-4EA0-BCD6-9DB7E78282C0}.Debug|Any CPU.Build.0 = Debug|Any CPU
		{301E413A-6429-4EA0-BCD6-9DB7E78282C0}.Release|Any CPU.ActiveCfg = Release|Any CPU
		{301E413A-6429-4EA0-BCD6-9DB7E78282C0}.Release|Any CPU.Build.0 = Release|Any CPU
	EndGlobalSection
	GlobalSection(SolutionProperties) = preSolution
		HideSolutionNode = FALSE
	EndGlobalSection
EndGlobal
