
Microsoft Visual Studio Solution File, Format Version 12.00
# Visual Studio 2013
VisualStudioVersion = 12.0.40629.0
MinimumVisualStudioVersion = 10.0.40219.1
Project("{FAE04EC0-301F-11D3-BF4B-00C04F79EFBC}") = "SimpleHelpers", "SimpleHelpers\SimpleHelpers.csproj", "{AA0F6CEA-2779-4B7E-807C-56ADA8892B01}"
EndProject
Project("{FAE04EC0-301F-11D3-BF4B-00C04F79EFBC}") = "Tests", "Tests\Tests.csproj", "{301E413A-6429-4EA0-BCD6-9DB7E78282C0}"
EndProject
Project("{FAE04EC0-301F-11D3-BF4B-00C04F79EFBC}") = "PerformanceTest", "PerformanceTest\PerformanceTest.csproj", "{1464863B-4CDA-4707-9EEA-475F56C19140}"
EndProject
Project("{FAE04EC0-301F-11D3-BF4B-00C04F79EFBC}") = "SimpleHelpers.ModuleContainer", "SimpleHelpers.ModuleContainer\SimpleHelpers.ModuleContainer.csproj", "{098C3394-6735-4C33-ADBA-FBDDD97B3F29}"
EndProject
Project("{FAE04EC0-301F-11D3-BF4B-00C04F79EFBC}") = "SimpleHelpersTests", "SimpleHelpersTests\SimpleHelpersTests.csproj", "{26B6284F-3551-44C1-AF76-65A96257DB68}"
EndProject
Project("{FAE04EC0-301F-11D3-BF4B-00C04F79EFBC}") = "SimpleHelpers.ConsoleUtils", "SimpleHelpers.ConsoleUtils\SimpleHelpers.ConsoleUtils.csproj", "{DB36A17F-5685-4B1B-A583-32EE05297952}"
EndProject
Project("{FAE04EC0-301F-11D3-BF4B-00C04F79EFBC}") = "SimpleHelpers.Arguments", "SimpleHelpers.Arguments\SimpleHelpers.Arguments.csproj", "{D7213934-58B4-4C12-B4CF-65ACE39C8CDD}"
EndProject
Global
	GlobalSection(SolutionConfigurationPlatforms) = preSolution
		Debug|Any CPU = Debug|Any CPU
		Release|Any CPU = Release|Any CPU
	EndGlobalSection
	GlobalSection(ProjectConfigurationPlatforms) = postSolution
		{AA0F6CEA-2779-4B7E-807C-56ADA8892B01}.Debug|Any CPU.ActiveCfg = Debug|Any CPU
		{AA0F6CEA-2779-4B7E-807C-56ADA8892B01}.Debug|Any CPU.Build.0 = Debug|Any CPU
		{AA0F6CEA-2779-4B7E-807C-56ADA8892B01}.Release|Any CPU.ActiveCfg = Release|Any CPU
		{AA0F6CEA-2779-4B7E-807C-56ADA8892B01}.Release|Any CPU.Build.0 = Release|Any CPU
		{301E413A-6429-4EA0-BCD6-9DB7E78282C0}.Debug|Any CPU.ActiveCfg = Debug|Any CPU
		{301E413A-6429-4EA0-BCD6-9DB7E78282C0}.Debug|Any CPU.Build.0 = Debug|Any CPU
		{301E413A-6429-4EA0-BCD6-9DB7E78282C0}.Release|Any CPU.ActiveCfg = Release|Any CPU
		{301E413A-6429-4EA0-BCD6-9DB7E78282C0}.Release|Any CPU.Build.0 = Release|Any CPU
		{1464863B-4CDA-4707-9EEA-475F56C19140}.Debug|Any CPU.ActiveCfg = Debug|Any CPU
		{1464863B-4CDA-4707-9EEA-475F56C19140}.Debug|Any CPU.Build.0 = Debug|Any CPU
		{1464863B-4CDA-4707-9EEA-475F56C19140}.Release|Any CPU.ActiveCfg = Release|Any CPU
		{1464863B-4CDA-4707-9EEA-475F56C19140}.Release|Any CPU.Build.0 = Release|Any CPU
		{098C3394-6735-4C33-ADBA-FBDDD97B3F29}.Debug|Any CPU.ActiveCfg = Debug|Any CPU
		{098C3394-6735-4C33-ADBA-FBDDD97B3F29}.Debug|Any CPU.Build.0 = Debug|Any CPU
		{098C3394-6735-4C33-ADBA-FBDDD97B3F29}.Release|Any CPU.ActiveCfg = Release|Any CPU
		{098C3394-6735-4C33-ADBA-FBDDD97B3F29}.Release|Any CPU.Build.0 = Release|Any CPU
		{26B6284F-3551-44C1-AF76-65A96257DB68}.Debug|Any CPU.ActiveCfg = Debug|Any CPU
		{26B6284F-3551-44C1-AF76-65A96257DB68}.Debug|Any CPU.Build.0 = Debug|Any CPU
		{26B6284F-3551-44C1-AF76-65A96257DB68}.Release|Any CPU.ActiveCfg = Release|Any CPU
		{26B6284F-3551-44C1-AF76-65A96257DB68}.Release|Any CPU.Build.0 = Release|Any CPU
		{DB36A17F-5685-4B1B-A583-32EE05297952}.Debug|Any CPU.ActiveCfg = Debug|Any CPU
		{DB36A17F-5685-4B1B-A583-32EE05297952}.Debug|Any CPU.Build.0 = Debug|Any CPU
		{DB36A17F-5685-4B1B-A583-32EE05297952}.Release|Any CPU.ActiveCfg = Release|Any CPU
		{DB36A17F-5685-4B1B-A583-32EE05297952}.Release|Any CPU.Build.0 = Release|Any CPU
		{D7213934-58B4-4C12-B4CF-65ACE39C8CDD}.Debug|Any CPU.ActiveCfg = Debug|Any CPU
		{D7213934-58B4-4C12-B4CF-65ACE39C8CDD}.Debug|Any CPU.Build.0 = Debug|Any CPU
		{D7213934-58B4-4C12-B4CF-65ACE39C8CDD}.Release|Any CPU.ActiveCfg = Release|Any CPU
		{D7213934-58B4-4C12-B4CF-65ACE39C8CDD}.Release|Any CPU.Build.0 = Release|Any CPU
	EndGlobalSection
	GlobalSection(SolutionProperties) = preSolution
		HideSolutionNode = FALSE
	EndGlobalSection
EndGlobal
